// !$*UTF8*$!
{
	archiveVersion = 1;
	classes = {
	};
	objectVersion = 56;
	objects = {

/* Begin PBXBuildFile section */
		561BB9902C6E72D300F58D9C /* AppDelegate.swift in Sources */ = {isa = PBXBuildFile; fileRef = 561BB98F2C6E72D300F58D9C /* AppDelegate.swift */; };
		561BB9922C6E72D300F58D9C /* SceneDelegate.swift in Sources */ = {isa = PBXBuildFile; fileRef = 561BB9912C6E72D300F58D9C /* SceneDelegate.swift */; };
		561BB9942C6E72D300F58D9C /* ViewController.swift in Sources */ = {isa = PBXBuildFile; fileRef = 561BB9932C6E72D300F58D9C /* ViewController.swift */; };
		561BB9972C6E72D300F58D9C /* Main.storyboard in Resources */ = {isa = PBXBuildFile; fileRef = 561BB9952C6E72D300F58D9C /* Main.storyboard */; };
		561BB9992C6E72D400F58D9C /* Assets.xcassets in Resources */ = {isa = PBXBuildFile; fileRef = 561BB9982C6E72D400F58D9C /* Assets.xcassets */; };
		561BB99C2C6E72D400F58D9C /* LaunchScreen.storyboard in Resources */ = {isa = PBXBuildFile; fileRef = 561BB99A2C6E72D400F58D9C /* LaunchScreen.storyboard */; };
		561BB9A72C6E72D400F58D9C /* TinkoffCalculatorTests.swift in Sources */ = {isa = PBXBuildFile; fileRef = 561BB9A62C6E72D400F58D9C /* TinkoffCalculatorTests.swift */; };
		561BB9B12C6E72D400F58D9C /* TinkoffCalculatorUITests.swift in Sources */ = {isa = PBXBuildFile; fileRef = 561BB9B02C6E72D400F58D9C /* TinkoffCalculatorUITests.swift */; };
		561BB9B32C6E72D400F58D9C /* TinkoffCalculatorUITestsLaunchTests.swift in Sources */ = {isa = PBXBuildFile; fileRef = 561BB9B22C6E72D400F58D9C /* TinkoffCalculatorUITestsLaunchTests.swift */; };
		56AF3C182C7E4B06000AC5FA /* ViewControllerHistoryList.swift in Sources */ = {isa = PBXBuildFile; fileRef = 56AF3C172C7E4B06000AC5FA /* ViewControllerHistoryList.swift */; };
/* End PBXBuildFile section */

/* Begin PBXContainerItemProxy section */
		561BB9A32C6E72D400F58D9C /* PBXContainerItemProxy */ = {
			isa = PBXContainerItemProxy;
			containerPortal = 561BB9842C6E72D300F58D9C /* Project object */;
			proxyType = 1;
			remoteGlobalIDString = 561BB98B2C6E72D300F58D9C;
			remoteInfo = TinkoffCalculator;
		};
		561BB9AD2C6E72D400F58D9C /* PBXContainerItemProxy */ = {
			isa = PBXContainerItemProxy;
			containerPortal = 561BB9842C6E72D300F58D9C /* Project object */;
			proxyType = 1;
			remoteGlobalIDString = 561BB98B2C6E72D300F58D9C;
			remoteInfo = TinkoffCalculator;
		};
/* End PBXContainerItemProxy section */

/* Begin PBXFileReference section */
		561BB98C2C6E72D300F58D9C /* TinkoffCalculator.app */ = {isa = PBXFileReference; explicitFileType = wrapper.application; includeInIndex = 0; path = TinkoffCalculator.app; sourceTree = BUILT_PRODUCTS_DIR; };
		561BB98F2C6E72D300F58D9C /* AppDelegate.swift */ = {isa = PBXFileReference; lastKnownFileType = sourcecode.swift; path = AppDelegate.swift; sourceTree = "<group>"; };
		561BB9912C6E72D300F58D9C /* SceneDelegate.swift */ = {isa = PBXFileReference; lastKnownFileType = sourcecode.swift; path = SceneDelegate.swift; sourceTree = "<group>"; };
		561BB9932C6E72D300F58D9C /* ViewController.swift */ = {isa = PBXFileReference; lastKnownFileType = sourcecode.swift; path = ViewController.swift; sourceTree = "<group>"; };
		561BB9962C6E72D300F58D9C /* Base */ = {isa = PBXFileReference; lastKnownFileType = file.storyboard; name = Base; path = Base.lproj/Main.storyboard; sourceTree = "<group>"; };
		561BB9982C6E72D400F58D9C /* Assets.xcassets */ = {isa = PBXFileReference; lastKnownFileType = folder.assetcatalog; path = Assets.xcassets; sourceTree = "<group>"; };
		561BB99B2C6E72D400F58D9C /* Base */ = {isa = PBXFileReference; lastKnownFileType = file.storyboard; name = Base; path = Base.lproj/LaunchScreen.storyboard; sourceTree = "<group>"; };
		561BB99D2C6E72D400F58D9C /* Info.plist */ = {isa = PBXFileReference; lastKnownFileType = text.plist.xml; path = Info.plist; sourceTree = "<group>"; };
		561BB9A22C6E72D400F58D9C /* TinkoffCalculatorTests.xctest */ = {isa = PBXFileReference; explicitFileType = wrapper.cfbundle; includeInIndex = 0; path = TinkoffCalculatorTests.xctest; sourceTree = BUILT_PRODUCTS_DIR; };
		561BB9A62C6E72D400F58D9C /* TinkoffCalculatorTests.swift */ = {isa = PBXFileReference; lastKnownFileType = sourcecode.swift; path = TinkoffCalculatorTests.swift; sourceTree = "<group>"; };
		561BB9AC2C6E72D400F58D9C /* TinkoffCalculatorUITests.xctest */ = {isa = PBXFileReference; explicitFileType = wrapper.cfbundle; includeInIndex = 0; path = TinkoffCalculatorUITests.xctest; sourceTree = BUILT_PRODUCTS_DIR; };
		561BB9B02C6E72D400F58D9C /* TinkoffCalculatorUITests.swift */ = {isa = PBXFileReference; lastKnownFileType = sourcecode.swift; path = TinkoffCalculatorUITests.swift; sourceTree = "<group>"; };
		561BB9B22C6E72D400F58D9C /* TinkoffCalculatorUITestsLaunchTests.swift */ = {isa = PBXFileReference; lastKnownFileType = sourcecode.swift; path = TinkoffCalculatorUITestsLaunchTests.swift; sourceTree = "<group>"; };
		56AF3C172C7E4B06000AC5FA /* ViewControllerHistoryList.swift */ = {isa = PBXFileReference; lastKnownFileType = sourcecode.swift; path = ViewControllerHistoryList.swift; sourceTree = "<group>"; };
/* End PBXFileReference section */

/* Begin PBXFrameworksBuildPhase section */
		561BB9892C6E72D300F58D9C /* Frameworks */ = {
			isa = PBXFrameworksBuildPhase;
			buildActionMask = 2147483647;
			files = (
			);
			runOnlyForDeploymentPostprocessing = 0;
		};
		561BB99F2C6E72D400F58D9C /* Frameworks */ = {
			isa = PBXFrameworksBuildPhase;
			buildActionMask = 2147483647;
			files = (
			);
			runOnlyForDeploymentPostprocessing = 0;
		};
		561BB9A92C6E72D400F58D9C /* Frameworks */ = {
			isa = PBXFrameworksBuildPhase;
			buildActionMask = 2147483647;
			files = (
			);
			runOnlyForDeploymentPostprocessing = 0;
		};
/* End PBXFrameworksBuildPhase section */

/* Begin PBXGroup section */
		561BB9832C6E72D300F58D9C = {
			isa = PBXGroup;
			children = (
				561BB98E2C6E72D300F58D9C /* TinkoffCalculator */,
				561BB9A52C6E72D400F58D9C /* TinkoffCalculatorTests */,
				561BB9AF2C6E72D400F58D9C /* TinkoffCalculatorUITests */,
				561BB98D2C6E72D300F58D9C /* Products */,
			);
			sourceTree = "<group>";
		};
		561BB98D2C6E72D300F58D9C /* Products */ = {
			isa = PBXGroup;
			children = (
				561BB98C2C6E72D300F58D9C /* TinkoffCalculator.app */,
				561BB9A22C6E72D400F58D9C /* TinkoffCalculatorTests.xctest */,
				561BB9AC2C6E72D400F58D9C /* TinkoffCalculatorUITests.xctest */,
			);
			name = Products;
			sourceTree = "<group>";
		};
		561BB98E2C6E72D300F58D9C /* TinkoffCalculator */ = {
			isa = PBXGroup;
			children = (
				561BB98F2C6E72D300F58D9C /* AppDelegate.swift */,
				561BB9912C6E72D300F58D9C /* SceneDelegate.swift */,
				561BB9932C6E72D300F58D9C /* ViewController.swift */,
				56AF3C172C7E4B06000AC5FA /* ViewControllerHistoryList.swift */,
				561BB9952C6E72D300F58D9C /* Main.storyboard */,
				561BB9982C6E72D400F58D9C /* Assets.xcassets */,
				561BB99A2C6E72D400F58D9C /* LaunchScreen.storyboard */,
				561BB99D2C6E72D400F58D9C /* Info.plist */,
			);
			path = TinkoffCalculator;
			sourceTree = "<group>";
		};
		561BB9A52C6E72D400F58D9C /* TinkoffCalculatorTests */ = {
			isa = PBXGroup;
			children = (
				561BB9A62C6E72D400F58D9C /* TinkoffCalculatorTests.swift */,
			);
			path = TinkoffCalculatorTests;
			sourceTree = "<group>";
		};
		561BB9AF2C6E72D400F58D9C /* TinkoffCalculatorUITests */ = {
			isa = PBXGroup;
			children = (
				561BB9B02C6E72D400F58D9C /* TinkoffCalculatorUITests.swift */,
				561BB9B22C6E72D400F58D9C /* TinkoffCalculatorUITestsLaunchTests.swift */,
			);
			path = TinkoffCalculatorUITests;
			sourceTree = "<group>";
		};
/* End PBXGroup section */

/* Begin PBXNativeTarget section */
		561BB98B2C6E72D300F58D9C /* TinkoffCalculator */ = {
			isa = PBXNativeTarget;
			buildConfigurationList = 561BB9B62C6E72D400F58D9C /* Build configuration list for PBXNativeTarget "TinkoffCalculator" */;
			buildPhases = (
				561BB9882C6E72D300F58D9C /* Sources */,
				561BB9892C6E72D300F58D9C /* Frameworks */,
				561BB98A2C6E72D300F58D9C /* Resources */,
			);
			buildRules = (
			);
			dependencies = (
			);
			name = TinkoffCalculator;
			productName = TinkoffCalculator;
			productReference = 561BB98C2C6E72D300F58D9C /* TinkoffCalculator.app */;
			productType = "com.apple.product-type.application";
		};
		561BB9A12C6E72D400F58D9C /* TinkoffCalculatorTests */ = {
			isa = PBXNativeTarget;
			buildConfigurationList = 561BB9B92C6E72D400F58D9C /* Build configuration list for PBXNativeTarget "TinkoffCalculatorTests" */;
			buildPhases = (
				561BB99E2C6E72D400F58D9C /* Sources */,
				561BB99F2C6E72D400F58D9C /* Frameworks */,
				561BB9A02C6E72D400F58D9C /* Resources */,
			);
			buildRules = (
			);
			dependencies = (
				561BB9A42C6E72D400F58D9C /* PBXTargetDependency */,
			);
			name = TinkoffCalculatorTests;
			productName = TinkoffCalculatorTests;
			productReference = 561BB9A22C6E72D400F58D9C /* TinkoffCalculatorTests.xctest */;
			productType = "com.apple.product-type.bundle.unit-test";
		};
		561BB9AB2C6E72D400F58D9C /* TinkoffCalculatorUITests */ = {
			isa = PBXNativeTarget;
			buildConfigurationList = 561BB9BC2C6E72D400F58D9C /* Build configuration list for PBXNativeTarget "TinkoffCalculatorUITests" */;
			buildPhases = (
				561BB9A82C6E72D400F58D9C /* Sources */,
				561BB9A92C6E72D400F58D9C /* Frameworks */,
				561BB9AA2C6E72D400F58D9C /* Resources */,
			);
			buildRules = (
			);
			dependencies = (
				561BB9AE2C6E72D400F58D9C /* PBXTargetDependency */,
			);
			name = TinkoffCalculatorUITests;
			productName = TinkoffCalculatorUITests;
			productReference = 561BB9AC2C6E72D400F58D9C /* TinkoffCalculatorUITests.xctest */;
			productType = "com.apple.product-type.bundle.ui-testing";
		};
/* End PBXNativeTarget section */

/* Begin PBXProject section */
		561BB9842C6E72D300F58D9C /* Project object */ = {
			isa = PBXProject;
			attributes = {
				BuildIndependentTargetsInParallel = 1;
				LastSwiftUpdateCheck = 1430;
				LastUpgradeCheck = 1430;
				TargetAttributes = {
					561BB98B2C6E72D300F58D9C = {
						CreatedOnToolsVersion = 14.3.1;
					};
					561BB9A12C6E72D400F58D9C = {
						CreatedOnToolsVersion = 14.3.1;
						TestTargetID = 561BB98B2C6E72D300F58D9C;
					};
					561BB9AB2C6E72D400F58D9C = {
						CreatedOnToolsVersion = 14.3.1;
						TestTargetID = 561BB98B2C6E72D300F58D9C;
					};
				};
			};
			buildConfigurationList = 561BB9872C6E72D300F58D9C /* Build configuration list for PBXProject "TinkoffCalculator" */;
			compatibilityVersion = "Xcode 14.0";
			developmentRegion = en;
			hasScannedForEncodings = 0;
			knownRegions = (
				en,
				Base,
			);
			mainGroup = 561BB9832C6E72D300F58D9C;
			productRefGroup = 561BB98D2C6E72D300F58D9C /* Products */;
			projectDirPath = "";
			projectRoot = "";
			targets = (
				561BB98B2C6E72D300F58D9C /* TinkoffCalculator */,
				561BB9A12C6E72D400F58D9C /* TinkoffCalculatorTests */,
				561BB9AB2C6E72D400F58D9C /* TinkoffCalculatorUITests */,
			);
		};
/* End PBXProject section */

/* Begin PBXResourcesBuildPhase section */
		561BB98A2C6E72D300F58D9C /* Resources */ = {
			isa = PBXResourcesBuildPhase;
			buildActionMask = 2147483647;
			files = (
				561BB99C2C6E72D400F58D9C /* LaunchScreen.storyboard in Resources */,
				561BB9992C6E72D400F58D9C /* Assets.xcassets in Resources */,
				561BB9972C6E72D300F58D9C /* Main.storyboard in Resources */,
			);
			runOnlyForDeploymentPostprocessing = 0;
		};
		561BB9A02C6E72D400F58D9C /* Resources */ = {
			isa = PBXResourcesBuildPhase;
			buildActionMask = 2147483647;
			files = (
			);
			runOnlyForDeploymentPostprocessing = 0;
		};
		561BB9AA2C6E72D400F58D9C /* Resources */ = {
			isa = PBXResourcesBuildPhase;
			buildActionMask = 2147483647;
			files = (
			);
			runOnlyForDeploymentPostprocessing = 0;
		};
/* End PBXResourcesBuildPhase section */

/* Begin PBXSourcesBuildPhase section */
		561BB9882C6E72D300F58D9C /* Sources */ = {
			isa = PBXSourcesBuildPhase;
			buildActionMask = 2147483647;
			files = (
				561BB9942C6E72D300F58D9C /* ViewController.swift in Sources */,
				561BB9902C6E72D300F58D9C /* AppDelegate.swift in Sources */,
				561BB9922C6E72D300F58D9C /* SceneDelegate.swift in Sources */,
				56AF3C182C7E4B06000AC5FA /* ViewControllerHistoryList.swift in Sources */,
			);
			runOnlyForDeploymentPostprocessing = 0;
		};
		561BB99E2C6E72D400F58D9C /* Sources */ = {
			isa = PBXSourcesBuildPhase;
			buildActionMask = 2147483647;
			files = (
				561BB9A72C6E72D400F58D9C /* TinkoffCalculatorTests.swift in Sources */,
			);
			runOnlyForDeploymentPostprocessing = 0;
		};
		561BB9A82C6E72D400F58D9C /* Sources */ = {
			isa = PBXSourcesBuildPhase;
			buildActionMask = 2147483647;
			files = (
				561BB9B32C6E72D400F58D9C /* TinkoffCalculatorUITestsLaunchTests.swift in Sources */,
				561BB9B12C6E72D400F58D9C /* TinkoffCalculatorUITests.swift in Sources */,
			);
			runOnlyForDeploymentPostprocessing = 0;
		};
/* End PBXSourcesBuildPhase section */

/* Begin PBXTargetDependency section */
		561BB9A42C6E72D400F58D9C /* PBXTargetDependency */ = {
			isa = PBXTargetDependency;
			target = 561BB98B2C6E72D300F58D9C /* TinkoffCalculator */;
			targetProxy = 561BB9A32C6E72D400F58D9C /* PBXContainerItemProxy */;
		};
		561BB9AE2C6E72D400F58D9C /* PBXTargetDependency */ = {
			isa = PBXTargetDependency;
			target = 561BB98B2C6E72D300F58D9C /* TinkoffCalculator */;
			targetProxy = 561BB9AD2C6E72D400F58D9C /* PBXContainerItemProxy */;
		};
/* End PBXTargetDependency section */

/* Begin PBXVariantGroup section */
		561BB9952C6E72D300F58D9C /* Main.storyboard */ = {
			isa = PBXVariantGroup;
			children = (
				561BB9962C6E72D300F58D9C /* Base */,
			);
			name = Main.storyboard;
			sourceTree = "<group>";
		};
		561BB99A2C6E72D400F58D9C /* LaunchScreen.storyboard */ = {
			isa = PBXVariantGroup;
			children = (
				561BB99B2C6E72D400F58D9C /* Base */,
			);
			name = LaunchScreen.storyboard;
			sourceTree = "<group>";
		};
/* End PBXVariantGroup section */

/* Begin XCBuildConfiguration section */
		561BB9B42C6E72D400F58D9C /* Debug */ = {
			isa = XCBuildConfiguration;
			buildSettings = {
				ALWAYS_SEARCH_USER_PATHS = NO;
				CLANG_ANALYZER_NONNULL = YES;
				CLANG_ANALYZER_NUMBER_OBJECT_CONVERSION = YES_AGGRESSIVE;
				CLANG_CXX_LANGUAGE_STANDARD = "gnu++20";
				CLANG_ENABLE_MODULES = YES;
				CLANG_ENABLE_OBJC_ARC = YES;
				CLANG_ENABLE_OBJC_WEAK = YES;
				CLANG_WARN_BLOCK_CAPTURE_AUTORELEASING = YES;
				CLANG_WARN_BOOL_CONVERSION = YES;
				CLANG_WARN_COMMA = YES;
				CLANG_WARN_CONSTANT_CONVERSION = YES;
				CLANG_WARN_DEPRECATED_OBJC_IMPLEMENTATIONS = YES;
				CLANG_WARN_DIRECT_OBJC_ISA_USAGE = YES_ERROR;
				CLANG_WARN_DOCUMENTATION_COMMENTS = YES;
				CLANG_WARN_EMPTY_BODY = YES;
				CLANG_WARN_ENUM_CONVERSION = YES;
				CLANG_WARN_INFINITE_RECURSION = YES;
				CLANG_WARN_INT_CONVERSION = YES;
				CLANG_WARN_NON_LITERAL_NULL_CONVERSION = YES;
				CLANG_WARN_OBJC_IMPLICIT_RETAIN_SELF = YES;
				CLANG_WARN_OBJC_LITERAL_CONVERSION = YES;
				CLANG_WARN_OBJC_ROOT_CLASS = YES_ERROR;
				CLANG_WARN_QUOTED_INCLUDE_IN_FRAMEWORK_HEADER = YES;
				CLANG_WARN_RANGE_LOOP_ANALYSIS = YES;
				CLANG_WARN_STRICT_PROTOTYPES = YES;
				CLANG_WARN_SUSPICIOUS_MOVE = YES;
				CLANG_WARN_UNGUARDED_AVAILABILITY = YES_AGGRESSIVE;
				CLANG_WARN_UNREACHABLE_CODE = YES;
				CLANG_WARN__DUPLICATE_METHOD_MATCH = YES;
				COPY_PHASE_STRIP = NO;
				DEBUG_INFORMATION_FORMAT = dwarf;
				ENABLE_STRICT_OBJC_MSGSEND = YES;
				ENABLE_TESTABILITY = YES;
				GCC_C_LANGUAGE_STANDARD = gnu11;
				GCC_DYNAMIC_NO_PIC = NO;
				GCC_NO_COMMON_BLOCKS = YES;
				GCC_OPTIMIZATION_LEVEL = 0;
				GCC_PREPROCESSOR_DEFINITIONS = (
					"DEBUG=1",
					"$(inherited)",
				);
				GCC_WARN_64_TO_32_BIT_CONVERSION = YES;
				GCC_WARN_ABOUT_RETURN_TYPE = YES_ERROR;
				GCC_WARN_UNDECLARED_SELECTOR = YES;
				GCC_WARN_UNINITIALIZED_AUTOS = YES_AGGRESSIVE;
				GCC_WARN_UNUSED_FUNCTION = YES;
				GCC_WARN_UNUSED_VARIABLE = YES;
				IPHONEOS_DEPLOYMENT_TARGET = 16.4;
				MTL_ENABLE_DEBUG_INFO = INCLUDE_SOURCE;
				MTL_FAST_MATH = YES;
				ONLY_ACTIVE_ARCH = YES;
				SDKROOT = iphoneos;
				SWIFT_ACTIVE_COMPILATION_CONDITIONS = DEBUG;
				SWIFT_OPTIMIZATION_LEVEL = "-Onone";
			};
			name = Debug;
		};
		561BB9B52C6E72D400F58D9C /* Release */ = {
			isa = XCBuildConfiguration;
			buildSettings = {
				ALWAYS_SEARCH_USER_PATHS = NO;
				CLANG_ANALYZER_NONNULL = YES;
				CLANG_ANALYZER_NUMBER_OBJECT_CONVERSION = YES_AGGRESSIVE;
				CLANG_CXX_LANGUAGE_STANDARD = "gnu++20";
				CLANG_ENABLE_MODULES = YES;
				CLANG_ENABLE_OBJC_ARC = YES;
				CLANG_ENABLE_OBJC_WEAK = YES;
				CLANG_WARN_BLOCK_CAPTURE_AUTORELEASING = YES;
				CLANG_WARN_BOOL_CONVERSION = YES;
				CLANG_WARN_COMMA = YES;
				CLANG_WARN_CONSTANT_CONVERSION = YES;
				CLANG_WARN_DEPRECATED_OBJC_IMPLEMENTATIONS = YES;
				CLANG_WARN_DIRECT_OBJC_ISA_USAGE = YES_ERROR;
				CLANG_WARN_DOCUMENTATION_COMMENTS = YES;
				CLANG_WARN_EMPTY_BODY = YES;
				CLANG_WARN_ENUM_CONVERSION = YES;
				CLANG_WARN_INFINITE_RECURSION = YES;
				CLANG_WARN_INT_CONVERSION = YES;
				CLANG_WARN_NON_LITERAL_NULL_CONVERSION = YES;
				CLANG_WARN_OBJC_IMPLICIT_RETAIN_SELF = YES;
				CLANG_WARN_OBJC_LITERAL_CONVERSION = YES;
				CLANG_WARN_OBJC_ROOT_CLASS = YES_ERROR;
				CLANG_WARN_QUOTED_INCLUDE_IN_FRAMEWORK_HEADER = YES;
				CLANG_WARN_RANGE_LOOP_ANALYSIS = YES;
				CLANG_WARN_STRICT_PROTOTYPES = YES;
				CLANG_WARN_SUSPICIOUS_MOVE = YES;
				CLANG_WARN_UNGUARDED_AVAILABILITY = YES_AGGRESSIVE;
				CLANG_WARN_UNREACHABLE_CODE = YES;
				CLANG_WARN__DUPLICATE_METHOD_MATCH = YES;
				COPY_PHASE_STRIP = NO;
				DEBUG_INFORMATION_FORMAT = "dwarf-with-dsym";
				ENABLE_NS_ASSERTIONS = NO;
				ENABLE_STRICT_OBJC_MSGSEND = YES;
				GCC_C_LANGUAGE_STANDARD = gnu11;
				GCC_NO_COMMON_BLOCKS = YES;
				GCC_WARN_64_TO_32_BIT_CONVERSION = YES;
				GCC_WARN_ABOUT_RETURN_TYPE = YES_ERROR;
				GCC_WARN_UNDECLARED_SELECTOR = YES;
				GCC_WARN_UNINITIALIZED_AUTOS = YES_AGGRESSIVE;
				GCC_WARN_UNUSED_FUNCTION = YES;
				GCC_WARN_UNUSED_VARIABLE = YES;
				IPHONEOS_DEPLOYMENT_TARGET = 16.4;
				MTL_ENABLE_DEBUG_INFO = NO;
				MTL_FAST_MATH = YES;
				SDKROOT = iphoneos;
				SWIFT_COMPILATION_MODE = wholemodule;
				SWIFT_OPTIMIZATION_LEVEL = "-O";
				VALIDATE_PRODUCT = YES;
			};
			name = Release;
		};
		561BB9B72C6E72D400F58D9C /* Debug */ = {
			isa = XCBuildConfiguration;
			buildSettings = {
				ASSETCATALOG_COMPILER_APPICON_NAME = AppIcon;
				ASSETCATALOG_COMPILER_GLOBAL_ACCENT_COLOR_NAME = AccentColor;
				CODE_SIGN_STYLE = Automatic;
				CURRENT_PROJECT_VERSION = 1;
				DEVELOPMENT_TEAM = BWASJQGVM7;
				GENERATE_INFOPLIST_FILE = YES;
				INFOPLIST_FILE = TinkoffCalculator/Info.plist;
				INFOPLIST_KEY_UIApplicationSupportsIndirectInputEvents = YES;
				INFOPLIST_KEY_UILaunchStoryboardName = LaunchScreen;
				INFOPLIST_KEY_UIMainStoryboardFile = Main;
				INFOPLIST_KEY_UISupportedInterfaceOrientations_iPad = "UIInterfaceOrientationPortrait UIInterfaceOrientationPortraitUpsideDown UIInterfaceOrientationLandscapeLeft UIInterfaceOrientationLandscapeRight";
				INFOPLIST_KEY_UISupportedInterfaceOrientations_iPhone = "UIInterfaceOrientationPortrait UIInterfaceOrientationLandscapeLeft UIInterfaceOrientationLandscapeRight";
				LD_RUNPATH_SEARCH_PATHS = (
					"$(inherited)",
					"@executable_path/Frameworks",
				);
				MARKETING_VERSION = 1.0;
				PRODUCT_BUNDLE_IDENTIFIER = com.TinkoffCalculator;
				PRODUCT_NAME = "$(TARGET_NAME)";
				SWIFT_EMIT_LOC_STRINGS = YES;
				SWIFT_VERSION = 5.0;
				TARGETED_DEVICE_FAMILY = "1,2";
			};
			name = Debug;
		};
		561BB9B82C6E72D400F58D9C /* Release */ = {
			isa = XCBuildConfiguration;
			buildSettings = {
				ASSETCATALOG_COMPILER_APPICON_NAME = AppIcon;
				ASSETCATALOG_COMPILER_GLOBAL_ACCENT_COLOR_NAME = AccentColor;
				CODE_SIGN_STYLE = Automatic;
				CURRENT_PROJECT_VERSION = 1;
				DEVELOPMENT_TEAM = BWASJQGVM7;
				GENERATE_INFOPLIST_FILE = YES;
				INFOPLIST_FILE = TinkoffCalculator/Info.plist;
				INFOPLIST_KEY_UIApplicationSupportsIndirectInputEvents = YES;
				INFOPLIST_KEY_UILaunchStoryboardName = LaunchScreen;
				INFOPLIST_KEY_UIMainStoryboardFile = Main;
				INFOPLIST_KEY_UISupportedInterfaceOrientations_iPad = "UIInterfaceOrientationPortrait UIInterfaceOrientationPortraitUpsideDown UIInterfaceOrientationLandscapeLeft UIInterfaceOrientationLandscapeRight";
				INFOPLIST_KEY_UISupportedInterfaceOrientations_iPhone = "UIInterfaceOrientationPortrait UIInterfaceOrientationLandscapeLeft UIInterfaceOrientationLandscapeRight";
				LD_RUNPATH_SEARCH_PATHS = (
					"$(inherited)",
					"@executable_path/Frameworks",
				);
				MARKETING_VERSION = 1.0;
				PRODUCT_BUNDLE_IDENTIFIER = com.TinkoffCalculator;
				PRODUCT_NAME = "$(TARGET_NAME)";
				SWIFT_EMIT_LOC_STRINGS = YES;
				SWIFT_VERSION = 5.0;
				TARGETED_DEVICE_FAMILY = "1,2";
			};
			name = Release;
		};
		561BB9BA2C6E72D400F58D9C /* Debug */ = {
			isa = XCBuildConfiguration;
			buildSettings = {
				ALWAYS_EMBED_SWIFT_STANDARD_LIBRARIES = YES;
				BUNDLE_LOADER = "$(TEST_HOST)";
				CODE_SIGN_STYLE = Automatic;
				CURRENT_PROJECT_VERSION = 1;
				DEVELOPMENT_TEAM = BWASJQGVM7;
				GENERATE_INFOPLIST_FILE = YES;
				IPHONEOS_DEPLOYMENT_TARGET = 16.4;
				MARKETING_VERSION = 1.0;
				PRODUCT_BUNDLE_IDENTIFIER = com.TinkoffCalculatorTests;
				PRODUCT_NAME = "$(TARGET_NAME)";
				SWIFT_EMIT_LOC_STRINGS = NO;
				SWIFT_VERSION = 5.0;
				TARGETED_DEVICE_FAMILY = "1,2";
				TEST_HOST = "$(BUILT_PRODUCTS_DIR)/TinkoffCalculator.app/$(BUNDLE_EXECUTABLE_FOLDER_PATH)/TinkoffCalculator";
			};
			name = Debug;
		};
		561BB9BB2C6E72D400F58D9C /* Release */ = {
			isa = XCBuildConfiguration;
			buildSettings = {
				ALWAYS_EMBED_SWIFT_STANDARD_LIBRARIES = YES;
				BUNDLE_LOADER = "$(TEST_HOST)";
				CODE_SIGN_STYLE = Automatic;
				CURRENT_PROJECT_VERSION = 1;
				DEVELOPMENT_TEAM = BWASJQGVM7;
				GENERATE_INFOPLIST_FILE = YES;
				IPHONEOS_DEPLOYMENT_TARGET = 16.4;
				MARKETING_VERSION = 1.0;
				PRODUCT_BUNDLE_IDENTIFIER = com.TinkoffCalculatorTests;
				PRODUCT_NAME = "$(TARGET_NAME)";
				SWIFT_EMIT_LOC_STRINGS = NO;
				SWIFT_VERSION = 5.0;
				TARGETED_DEVICE_FAMILY = "1,2";
				TEST_HOST = "$(BUILT_PRODUCTS_DIR)/TinkoffCalculator.app/$(BUNDLE_EXECUTABLE_FOLDER_PATH)/TinkoffCalculator";
			};
			name = Release;
		};
		561BB9BD2C6E72D400F58D9C /* Debug */ = {
			isa = XCBuildConfiguration;
			buildSettings = {
				ALWAYS_EMBED_SWIFT_STANDARD_LIBRARIES = YES;
				CODE_SIGN_STYLE = Automatic;
				CURRENT_PROJECT_VERSION = 1;
				DEVELOPMENT_TEAM = BWASJQGVM7;
				GENERATE_INFOPLIST_FILE = YES;
				MARKETING_VERSION = 1.0;
				PRODUCT_BUNDLE_IDENTIFIER = com.TinkoffCalculatorUITests;
				PRODUCT_NAME = "$(TARGET_NAME)";
				SWIFT_EMIT_LOC_STRINGS = NO;
				SWIFT_VERSION = 5.0;
				TARGETED_DEVICE_FAMILY = "1,2";
				TEST_TARGET_NAME = TinkoffCalculator;
			};
			name = Debug;
		};
		561BB9BE2C6E72D400F58D9C /* Release */ = {
			isa = XCBuildConfiguration;
			buildSettings = {
				ALWAYS_EMBED_SWIFT_STANDARD_LIBRARIES = YES;
				CODE_SIGN_STYLE = Automatic;
				CURRENT_PROJECT_VERSION = 1;
				DEVELOPMENT_TEAM = BWASJQGVM7;
				GENERATE_INFOPLIST_FILE = YES;
				MARKETING_VERSION = 1.0;
				PRODUCT_BUNDLE_IDENTIFIER = com.TinkoffCalculatorUITests;
				PRODUCT_NAME = "$(TARGET_NAME)";
				SWIFT_EMIT_LOC_STRINGS = NO;
				SWIFT_VERSION = 5.0;
				TARGETED_DEVICE_FAMILY = "1,2";
				TEST_TARGET_NAME = TinkoffCalculator;
			};
			name = Release;
		};
/* End XCBuildConfiguration section */

/* Begin XCConfigurationList section */
		561BB9872C6E72D300F58D9C /* Build configuration list for PBXProject "TinkoffCalculator" */ = {
			isa = XCConfigurationList;
			buildConfigurations = (
				561BB9B42C6E72D400F58D9C /* Debug */,
				561BB9B52C6E72D400F58D9C /* Release */,
			);
			defaultConfigurationIsVisible = 0;
			defaultConfigurationName = Release;
		};
		561BB9B62C6E72D400F58D9C /* Build configuration list for PBXNativeTarget "TinkoffCalculator" */ = {
			isa = XCConfigurationList;
			buildConfigurations = (
				561BB9B72C6E72D400F58D9C /* Debug */,
				561BB9B82C6E72D400F58D9C /* Release */,
			);
			defaultConfigurationIsVisible = 0;
			defaultConfigurationName = Release;
		};
		561BB9B92C6E72D400F58D9C /* Build configuration list for PBXNativeTarget "TinkoffCalculatorTests" */ = {
			isa = XCConfigurationList;
			buildConfigurations = (
				561BB9BA2C6E72D400F58D9C /* Debug */,
				561BB9BB2C6E72D400F58D9C /* Release */,
			);
			defaultConfigurationIsVisible = 0;
			defaultConfigurationName = Release;
		};
		561BB9BC2C6E72D400F58D9C /* Build configuration list for PBXNativeTarget "TinkoffCalculatorUITests" */ = {
			isa = XCConfigurationList;
			buildConfigurations = (
				561BB9BD2C6E72D400F58D9C /* Debug */,
				561BB9BE2C6E72D400F58D9C /* Release */,
			);
			defaultConfigurationIsVisible = 0;
			defaultConfigurationName = Release;
		};
/* End XCConfigurationList section */
	};
	rootObject = 561BB9842C6E72D300F58D9C /* Project object */;
}
